
Microsoft Visual Studio Solution File, Format Version 12.00
# Visual Studio Version 17
VisualStudioVersion = 17.3.32825.248
MinimumVisualStudioVersion = 10.0.40219.1
Project("{FAE04EC0-301F-11D3-BF4B-00C04F79EFBC}") = "Biblioteca", "Biblioteca\Biblioteca.csproj", "{0721DF44-9080-4191-A38E-24CBAF36FC7D}"
EndProject
Global
	GlobalSection(SolutionConfigurationPlatforms) = preSolution
		Debug|Any CPU = Debug|Any CPU
		Release|Any CPU = Release|Any CPU
	EndGlobalSection
	GlobalSection(ProjectConfigurationPlatforms) = postSolution
		{0721DF44-9080-4191-A38E-24CBAF36FC7D}.Debug|Any CPU.ActiveCfg = Debug|Any CPU
		{0721DF44-9080-4191-A38E-24CBAF36FC7D}.Debug|Any CPU.Build.0 = Debug|Any CPU
		{0721DF44-9080-4191-A38E-24CBAF36FC7D}.Release|Any CPU.ActiveCfg = Release|Any CPU
		{0721DF44-9080-4191-A38E-24CBAF36FC7D}.Release|Any CPU.Build.0 = Release|Any CPU
	EndGlobalSection
	GlobalSection(SolutionProperties) = preSolution
		HideSolutionNode = FALSE
	EndGlobalSection
	GlobalSection(ExtensibilityGlobals) = postSolution
		SolutionGuid = {AD519D77-F14A-4E03-AA0D-FE77D082CF1C}
	EndGlobalSection
EndGlobal
